
Microsoft Visual Studio Solution File, Format Version 12.00
# Visual Studio Version 17
VisualStudioVersion = 17.10.35013.160
MinimumVisualStudioVersion = 10.0.40219.1
Project("{FAE04EC0-301F-11D3-BF4B-00C04F79EFBC}") = "ResmarkApi", "ResmarkApi.csproj", "{9B4441AC-A8A9-4442-ABCF-23C79A9D93BF}"
EndProject
Project("{FAE04EC0-301F-11D3-BF4B-00C04F79EFBC}") = "ResmarkApi-Demo", "ResmarkApi-Demo\ResmarkApi-Demo.csproj", "{95C5A1F7-6E1C-4F74-B833-DA421AE6E9A8}"
EndProject
Project("{FAE04EC0-301F-11D3-BF4B-00C04F79EFBC}") = "Workstation.UaClient", "UaClient\Workstation.UaClient.csproj", "{ACB67DF7-C467-33DE-2539-324E7DB54815}"
EndProject
Global
	GlobalSection(SolutionConfigurationPlatforms) = preSolution
		Debug|Any CPU = Debug|Any CPU
		Release|Any CPU = Release|Any CPU
	EndGlobalSection
	GlobalSection(ProjectConfigurationPlatforms) = postSolution
		{9B4441AC-A8A9-4442-ABCF-23C79A9D93BF}.Debug|Any CPU.ActiveCfg = Debug|Any CPU
		{9B4441AC-A8A9-4442-ABCF-23C79A9D93BF}.Debug|Any CPU.Build.0 = Debug|Any CPU
		{9B4441AC-A8A9-4442-ABCF-23C79A9D93BF}.Release|Any CPU.ActiveCfg = Release|Any CPU
		{9B4441AC-A8A9-4442-ABCF-23C79A9D93BF}.Release|Any CPU.Build.0 = Release|Any CPU
		{95C5A1F7-6E1C-4F74-B833-DA421AE6E9A8}.Debug|Any CPU.ActiveCfg = Debug|Any CPU
		{95C5A1F7-6E1C-4F74-B833-DA421AE6E9A8}.Debug|Any CPU.Build.0 = Debug|Any CPU
		{95C5A1F7-6E1C-4F74-B833-DA421AE6E9A8}.Release|Any CPU.ActiveCfg = Release|Any CPU
		{95C5A1F7-6E1C-4F74-B833-DA421AE6E9A8}.Release|Any CPU.Build.0 = Release|Any CPU
		{ACB67DF7-C467-33DE-2539-324E7DB54815}.Debug|Any CPU.ActiveCfg = Debug|Any CPU
		{ACB67DF7-C467-33DE-2539-324E7DB54815}.Debug|Any CPU.Build.0 = Debug|Any CPU
		{ACB67DF7-C467-33DE-2539-324E7DB54815}.Release|Any CPU.ActiveCfg = Release|Any CPU
		{ACB67DF7-C467-33DE-2539-324E7DB54815}.Release|Any CPU.Build.0 = Release|Any CPU
	EndGlobalSection
	GlobalSection(SolutionProperties) = preSolution
		HideSolutionNode = FALSE
	EndGlobalSection
	GlobalSection(ExtensibilityGlobals) = postSolution
		SolutionGuid = {0F6C9467-28AC-4C77-9C2C-B61FA2CCAE10}
	EndGlobalSection
EndGlobal
